
Microsoft Visual Studio Solution File, Format Version 12.00
# Visual Studio Version 16
VisualStudioVersion = 16.0.31729.503
MinimumVisualStudioVersion = 10.0.40219.1
Project("{FAE04EC0-301F-11D3-BF4B-00C04F79EFBC}") = "ExamApiAuction", "ExamApiAuction.csproj", "{F59C1685-29A9-4710-A1ED-250FBC73089D}"
EndProject
Global
	GlobalSection(SolutionConfigurationPlatforms) = preSolution
		Debug|Any CPU = Debug|Any CPU
		Release|Any CPU = Release|Any CPU
	EndGlobalSection
	GlobalSection(ProjectConfigurationPlatforms) = postSolution
		{F59C1685-29A9-4710-A1ED-250FBC73089D}.Debug|Any CPU.ActiveCfg = Debug|Any CPU
		{F59C1685-29A9-4710-A1ED-250FBC73089D}.Debug|Any CPU.Build.0 = Debug|Any CPU
		{F59C1685-29A9-4710-A1ED-250FBC73089D}.Release|Any CPU.ActiveCfg = Release|Any CPU
		{F59C1685-29A9-4710-A1ED-250FBC73089D}.Release|Any CPU.Build.0 = Release|Any CPU
	EndGlobalSection
	GlobalSection(SolutionProperties) = preSolution
		HideSolutionNode = FALSE
	EndGlobalSection
	GlobalSection(ExtensibilityGlobals) = postSolution
		SolutionGuid = {68CC78DC-65FE-4B3F-BEA6-7B0ED50F2021}
	EndGlobalSection
EndGlobal
